
Microsoft Visual Studio Solution File, Format Version 12.00
# Visual Studio Version 16
VisualStudioVersion = 16.0.31229.75
MinimumVisualStudioVersion = 10.0.40219.1
Project("{FAE04EC0-301F-11D3-BF4B-00C04F79EFBC}") = "UBServer", "UBServer\UBServer.csproj", "{D9D2062F-4BAC-4EE1-88BC-565165B1D46E}"
EndProject
Project("{FAE04EC0-301F-11D3-BF4B-00C04F79EFBC}") = "UBContracts", "UBContracts\UBContracts.csproj", "{62AB064E-B5DB-46AF-9DDE-B885B4028481}"
EndProject
Project("{FAE04EC0-301F-11D3-BF4B-00C04F79EFBC}") = "UBLoggingService", "UBLoggingService\UBLoggingService.csproj", "{6E3460FE-E3BF-44DB-9147-AD6D21A691CB}"
EndProject
Project("{FAE04EC0-301F-11D3-BF4B-00C04F79EFBC}") = "UBEntities", "..\UBEntities\UBEntities.csproj", "{D15A4B1E-137C-413C-938D-EADC474A4263}"
EndProject
Project("{FAE04EC0-301F-11D3-BF4B-00C04F79EFBC}") = "RepositoryBase", "RepositoryBase\RepositoryBase.csproj", "{D7FC15B0-3D88-4145-A7F6-0A9FF2484286}"
EndProject
Global
	GlobalSection(SolutionConfigurationPlatforms) = preSolution
		Debug|Any CPU = Debug|Any CPU
		Release|Any CPU = Release|Any CPU
	EndGlobalSection
	GlobalSection(ProjectConfigurationPlatforms) = postSolution
		{D9D2062F-4BAC-4EE1-88BC-565165B1D46E}.Debug|Any CPU.ActiveCfg = Debug|Any CPU
		{D9D2062F-4BAC-4EE1-88BC-565165B1D46E}.Debug|Any CPU.Build.0 = Debug|Any CPU
		{D9D2062F-4BAC-4EE1-88BC-565165B1D46E}.Release|Any CPU.ActiveCfg = Release|Any CPU
		{D9D2062F-4BAC-4EE1-88BC-565165B1D46E}.Release|Any CPU.Build.0 = Release|Any CPU
		{62AB064E-B5DB-46AF-9DDE-B885B4028481}.Debug|Any CPU.ActiveCfg = Debug|Any CPU
		{62AB064E-B5DB-46AF-9DDE-B885B4028481}.Debug|Any CPU.Build.0 = Debug|Any CPU
		{62AB064E-B5DB-46AF-9DDE-B885B4028481}.Release|Any CPU.ActiveCfg = Release|Any CPU
		{62AB064E-B5DB-46AF-9DDE-B885B4028481}.Release|Any CPU.Build.0 = Release|Any CPU
		{6E3460FE-E3BF-44DB-9147-AD6D21A691CB}.Debug|Any CPU.ActiveCfg = Debug|Any CPU
		{6E3460FE-E3BF-44DB-9147-AD6D21A691CB}.Debug|Any CPU.Build.0 = Debug|Any CPU
		{6E3460FE-E3BF-44DB-9147-AD6D21A691CB}.Release|Any CPU.ActiveCfg = Release|Any CPU
		{6E3460FE-E3BF-44DB-9147-AD6D21A691CB}.Release|Any CPU.Build.0 = Release|Any CPU
		{D15A4B1E-137C-413C-938D-EADC474A4263}.Debug|Any CPU.ActiveCfg = Debug|Any CPU
		{D15A4B1E-137C-413C-938D-EADC474A4263}.Debug|Any CPU.Build.0 = Debug|Any CPU
		{D15A4B1E-137C-413C-938D-EADC474A4263}.Release|Any CPU.ActiveCfg = Release|Any CPU
		{D15A4B1E-137C-413C-938D-EADC474A4263}.Release|Any CPU.Build.0 = Release|Any CPU
		{D7FC15B0-3D88-4145-A7F6-0A9FF2484286}.Debug|Any CPU.ActiveCfg = Debug|Any CPU
		{D7FC15B0-3D88-4145-A7F6-0A9FF2484286}.Debug|Any CPU.Build.0 = Debug|Any CPU
		{D7FC15B0-3D88-4145-A7F6-0A9FF2484286}.Release|Any CPU.ActiveCfg = Release|Any CPU
		{D7FC15B0-3D88-4145-A7F6-0A9FF2484286}.Release|Any CPU.Build.0 = Release|Any CPU
	EndGlobalSection
	GlobalSection(SolutionProperties) = preSolution
		HideSolutionNode = FALSE
	EndGlobalSection
	GlobalSection(ExtensibilityGlobals) = postSolution
		SolutionGuid = {AC5AFADF-A386-4631-9615-86FA6B31D872}
	EndGlobalSection
EndGlobal
